// !$*UTF8*$!
{
	archiveVersion = 1;
	classes = {
	};
	objectVersion = 46;
	objects = {

/* Begin PBXBuildFile section */
		B11C050A1A13E6440005DE1A /* main.m in Sources */ = {isa = PBXBuildFile; fileRef = B11C05091A13E6440005DE1A /* main.m */; };
		B11C050D1A13E6440005DE1A /* AppDelegate.m in Sources */ = {isa = PBXBuildFile; fileRef = B11C050C1A13E6440005DE1A /* AppDelegate.m */; };
		B11C05101A13E6440005DE1A /* KJDChatRoomViewController.m in Sources */ = {isa = PBXBuildFile; fileRef = B11C050F1A13E6440005DE1A /* KJDChatRoomViewController.m */; };
		B11C05151A13E6440005DE1A /* Images.xcassets in Resources */ = {isa = PBXBuildFile; fileRef = B11C05141A13E6440005DE1A /* Images.xcassets */; };
		B11C05241A13E6440005DE1A /* ChatCodev2Tests.m in Sources */ = {isa = PBXBuildFile; fileRef = B11C05231A13E6440005DE1A /* ChatCodev2Tests.m */; };
		B11C05301A13E75F0005DE1A /* KJDUser.m in Sources */ = {isa = PBXBuildFile; fileRef = B11C052F1A13E75F0005DE1A /* KJDUser.m */; };
		B11C05331A13E7A30005DE1A /* KJDChatRoom.m in Sources */ = {isa = PBXBuildFile; fileRef = B11C05321A13E7A30005DE1A /* KJDChatRoom.m */; };
/* End PBXBuildFile section */

/* Begin PBXContainerItemProxy section */
		B11C051E1A13E6440005DE1A /* PBXContainerItemProxy */ = {
			isa = PBXContainerItemProxy;
			containerPortal = B11C04FC1A13E6440005DE1A /* Project object */;
			proxyType = 1;
			remoteGlobalIDString = B11C05031A13E6440005DE1A;
			remoteInfo = ChatCodev2;
		};
/* End PBXContainerItemProxy section */

/* Begin PBXFileReference section */
		B11C05041A13E6440005DE1A /* ChatCodev2.app */ = {isa = PBXFileReference; explicitFileType = wrapper.application; includeInIndex = 0; path = ChatCodev2.app; sourceTree = BUILT_PRODUCTS_DIR; };
		B11C05081A13E6440005DE1A /* Info.plist */ = {isa = PBXFileReference; lastKnownFileType = text.plist.xml; path = Info.plist; sourceTree = "<group>"; };
		B11C05091A13E6440005DE1A /* main.m */ = {isa = PBXFileReference; lastKnownFileType = sourcecode.c.objc; path = main.m; sourceTree = "<group>"; };
		B11C050B1A13E6440005DE1A /* AppDelegate.h */ = {isa = PBXFileReference; lastKnownFileType = sourcecode.c.h; path = AppDelegate.h; sourceTree = "<group>"; };
		B11C050C1A13E6440005DE1A /* AppDelegate.m */ = {isa = PBXFileReference; lastKnownFileType = sourcecode.c.objc; path = AppDelegate.m; sourceTree = "<group>"; };
		B11C050E1A13E6440005DE1A /* KJDChatRoomViewController.h */ = {isa = PBXFileReference; lastKnownFileType = sourcecode.c.h; path = KJDChatRoomViewController.h; sourceTree = "<group>"; };
		B11C050F1A13E6440005DE1A /* KJDChatRoomViewController.m */ = {isa = PBXFileReference; lastKnownFileType = sourcecode.c.objc; path = KJDChatRoomViewController.m; sourceTree = "<group>"; };
		B11C05141A13E6440005DE1A /* Images.xcassets */ = {isa = PBXFileReference; lastKnownFileType = folder.assetcatalog; path = Images.xcassets; sourceTree = "<group>"; };
		B11C051D1A13E6440005DE1A /* ChatCodev2Tests.xctest */ = {isa = PBXFileReference; explicitFileType = wrapper.cfbundle; includeInIndex = 0; path = ChatCodev2Tests.xctest; sourceTree = BUILT_PRODUCTS_DIR; };
		B11C05221A13E6440005DE1A /* Info.plist */ = {isa = PBXFileReference; lastKnownFileType = text.plist.xml; path = Info.plist; sourceTree = "<group>"; };
		B11C05231A13E6440005DE1A /* ChatCodev2Tests.m */ = {isa = PBXFileReference; lastKnownFileType = sourcecode.c.objc; path = ChatCodev2Tests.m; sourceTree = "<group>"; };
		B11C052E1A13E75F0005DE1A /* KJDUser.h */ = {isa = PBXFileReference; fileEncoding = 4; lastKnownFileType = sourcecode.c.h; path = KJDUser.h; sourceTree = "<group>"; };
		B11C052F1A13E75F0005DE1A /* KJDUser.m */ = {isa = PBXFileReference; fileEncoding = 4; lastKnownFileType = sourcecode.c.objc; path = KJDUser.m; sourceTree = "<group>"; };
		B11C05311A13E7A30005DE1A /* KJDChatRoom.h */ = {isa = PBXFileReference; fileEncoding = 4; lastKnownFileType = sourcecode.c.h; path = KJDChatRoom.h; sourceTree = "<group>"; };
		B11C05321A13E7A30005DE1A /* KJDChatRoom.m */ = {isa = PBXFileReference; fileEncoding = 4; lastKnownFileType = sourcecode.c.objc; path = KJDChatRoom.m; sourceTree = "<group>"; };
/* End PBXFileReference section */

/* Begin PBXFrameworksBuildPhase section */
		B11C05011A13E6440005DE1A /* Frameworks */ = {
			isa = PBXFrameworksBuildPhase;
			buildActionMask = 2147483647;
			files = (
			);
			runOnlyForDeploymentPostprocessing = 0;
		};
		B11C051A1A13E6440005DE1A /* Frameworks */ = {
			isa = PBXFrameworksBuildPhase;
			buildActionMask = 2147483647;
			files = (
			);
			runOnlyForDeploymentPostprocessing = 0;
		};
/* End PBXFrameworksBuildPhase section */

/* Begin PBXGroup section */
		B11C04FB1A13E6440005DE1A = {
			isa = PBXGroup;
			children = (
				B11C05061A13E6440005DE1A /* ChatCodev2 */,
				B11C05201A13E6440005DE1A /* ChatCodev2Tests */,
				B11C05051A13E6440005DE1A /* Products */,
			);
			sourceTree = "<group>";
		};
		B11C05051A13E6440005DE1A /* Products */ = {
			isa = PBXGroup;
			children = (
				B11C05041A13E6440005DE1A /* ChatCodev2.app */,
				B11C051D1A13E6440005DE1A /* ChatCodev2Tests.xctest */,
			);
			name = Products;
			sourceTree = "<group>";
		};
		B11C05061A13E6440005DE1A /* ChatCodev2 */ = {
			isa = PBXGroup;
			children = (
				B11C050B1A13E6440005DE1A /* AppDelegate.h */,
				B11C050C1A13E6440005DE1A /* AppDelegate.m */,
				B11C05341A13E9C30005DE1A /* View Controller */,
				B11C052D1A13E6D30005DE1A /* Model */,
				B11C05141A13E6440005DE1A /* Images.xcassets */,
				B11C05071A13E6440005DE1A /* Supporting Files */,
			);
			path = ChatCodev2;
			sourceTree = "<group>";
		};
		B11C05071A13E6440005DE1A /* Supporting Files */ = {
			isa = PBXGroup;
			children = (
				B11C05081A13E6440005DE1A /* Info.plist */,
				B11C05091A13E6440005DE1A /* main.m */,
			);
			name = "Supporting Files";
			sourceTree = "<group>";
		};
		B11C05201A13E6440005DE1A /* ChatCodev2Tests */ = {
			isa = PBXGroup;
			children = (
				B11C05231A13E6440005DE1A /* ChatCodev2Tests.m */,
				B11C05211A13E6440005DE1A /* Supporting Files */,
			);
			path = ChatCodev2Tests;
			sourceTree = "<group>";
		};
		B11C05211A13E6440005DE1A /* Supporting Files */ = {
			isa = PBXGroup;
			children = (
				B11C05221A13E6440005DE1A /* Info.plist */,
			);
			name = "Supporting Files";
			sourceTree = "<group>";
		};
		B11C052D1A13E6D30005DE1A /* Model */ = {
			isa = PBXGroup;
			children = (
				B11C052E1A13E75F0005DE1A /* KJDUser.h */,
				B11C052F1A13E75F0005DE1A /* KJDUser.m */,
				B11C05311A13E7A30005DE1A /* KJDChatRoom.h */,
				B11C05321A13E7A30005DE1A /* KJDChatRoom.m */,
			);
			name = Model;
			sourceTree = "<group>";
		};
		B11C05341A13E9C30005DE1A /* View Controller */ = {
			isa = PBXGroup;
			children = (
				B11C050E1A13E6440005DE1A /* KJDChatRoomViewController.h */,
				B11C050F1A13E6440005DE1A /* KJDChatRoomViewController.m */,
			);
			name = "View Controller";
			sourceTree = "<group>";
		};
/* End PBXGroup section */

/* Begin PBXNativeTarget section */
		B11C05031A13E6440005DE1A /* ChatCodev2 */ = {
			isa = PBXNativeTarget;
			buildConfigurationList = B11C05271A13E6440005DE1A /* Build configuration list for PBXNativeTarget "ChatCodev2" */;
			buildPhases = (
				B11C05001A13E6440005DE1A /* Sources */,
				B11C05011A13E6440005DE1A /* Frameworks */,
				B11C05021A13E6440005DE1A /* Resources */,
			);
			buildRules = (
			);
			dependencies = (
			);
			name = ChatCodev2;
			productName = ChatCodev2;
			productReference = B11C05041A13E6440005DE1A /* ChatCodev2.app */;
			productType = "com.apple.product-type.application";
		};
		B11C051C1A13E6440005DE1A /* ChatCodev2Tests */ = {
			isa = PBXNativeTarget;
			buildConfigurationList = B11C052A1A13E6440005DE1A /* Build configuration list for PBXNativeTarget "ChatCodev2Tests" */;
			buildPhases = (
				B11C05191A13E6440005DE1A /* Sources */,
				B11C051A1A13E6440005DE1A /* Frameworks */,
				B11C051B1A13E6440005DE1A /* Resources */,
			);
			buildRules = (
			);
			dependencies = (
				B11C051F1A13E6440005DE1A /* PBXTargetDependency */,
			);
			name = ChatCodev2Tests;
			productName = ChatCodev2Tests;
			productReference = B11C051D1A13E6440005DE1A /* ChatCodev2Tests.xctest */;
			productType = "com.apple.product-type.bundle.unit-test";
		};
/* End PBXNativeTarget section */

/* Begin PBXProject section */
		B11C04FC1A13E6440005DE1A /* Project object */ = {
			isa = PBXProject;
			attributes = {
				LastUpgradeCheck = 0600;
				ORGANIZATIONNAME = "DANNY WU";
				TargetAttributes = {
					B11C05031A13E6440005DE1A = {
						CreatedOnToolsVersion = 6.0.1;
					};
					B11C051C1A13E6440005DE1A = {
						CreatedOnToolsVersion = 6.0.1;
						TestTargetID = B11C05031A13E6440005DE1A;
					};
				};
			};
			buildConfigurationList = B11C04FF1A13E6440005DE1A /* Build configuration list for PBXProject "ChatCodev2" */;
			compatibilityVersion = "Xcode 3.2";
			developmentRegion = English;
			hasScannedForEncodings = 0;
			knownRegions = (
				en,
				Base,
			);
			mainGroup = B11C04FB1A13E6440005DE1A;
			productRefGroup = B11C05051A13E6440005DE1A /* Products */;
			projectDirPath = "";
			projectRoot = "";
			targets = (
				B11C05031A13E6440005DE1A /* ChatCodev2 */,
				B11C051C1A13E6440005DE1A /* ChatCodev2Tests */,
			);
		};
/* End PBXProject section */

/* Begin PBXResourcesBuildPhase section */
		B11C05021A13E6440005DE1A /* Resources */ = {
			isa = PBXResourcesBuildPhase;
			buildActionMask = 2147483647;
			files = (
				B11C05151A13E6440005DE1A /* Images.xcassets in Resources */,
			);
			runOnlyForDeploymentPostprocessing = 0;
		};
		B11C051B1A13E6440005DE1A /* Resources */ = {
			isa = PBXResourcesBuildPhase;
			buildActionMask = 2147483647;
			files = (
			);
			runOnlyForDeploymentPostprocessing = 0;
		};
/* End PBXResourcesBuildPhase section */

/* Begin PBXSourcesBuildPhase section */
		B11C05001A13E6440005DE1A /* Sources */ = {
			isa = PBXSourcesBuildPhase;
			buildActionMask = 2147483647;
			files = (
				B11C05301A13E75F0005DE1A /* KJDUser.m in Sources */,
				B11C05331A13E7A30005DE1A /* KJDChatRoom.m in Sources */,
				B11C05101A13E6440005DE1A /* KJDChatRoomViewController.m in Sources */,
				B11C050D1A13E6440005DE1A /* AppDelegate.m in Sources */,
				B11C050A1A13E6440005DE1A /* main.m in Sources */,
			);
			runOnlyForDeploymentPostprocessing = 0;
		};
		B11C05191A13E6440005DE1A /* Sources */ = {
			isa = PBXSourcesBuildPhase;
			buildActionMask = 2147483647;
			files = (
				B11C05241A13E6440005DE1A /* ChatCodev2Tests.m in Sources */,
			);
			runOnlyForDeploymentPostprocessing = 0;
		};
/* End PBXSourcesBuildPhase section */

/* Begin PBXTargetDependency section */
		B11C051F1A13E6440005DE1A /* PBXTargetDependency */ = {
			isa = PBXTargetDependency;
			target = B11C05031A13E6440005DE1A /* ChatCodev2 */;
			targetProxy = B11C051E1A13E6440005DE1A /* PBXContainerItemProxy */;
		};
/* End PBXTargetDependency section */

/* Begin XCBuildConfiguration section */
		B11C05251A13E6440005DE1A /* Debug */ = {
			isa = XCBuildConfiguration;
			buildSettings = {
				ALWAYS_SEARCH_USER_PATHS = NO;
				CLANG_CXX_LANGUAGE_STANDARD = "gnu++0x";
				CLANG_CXX_LIBRARY = "libc++";
				CLANG_ENABLE_MODULES = YES;
				CLANG_ENABLE_OBJC_ARC = YES;
				CLANG_WARN_BOOL_CONVERSION = YES;
				CLANG_WARN_CONSTANT_CONVERSION = YES;
				CLANG_WARN_DIRECT_OBJC_ISA_USAGE = YES_ERROR;
				CLANG_WARN_EMPTY_BODY = YES;
				CLANG_WARN_ENUM_CONVERSION = YES;
				CLANG_WARN_INT_CONVERSION = YES;
				CLANG_WARN_OBJC_ROOT_CLASS = YES_ERROR;
				CLANG_WARN_UNREACHABLE_CODE = YES;
				CLANG_WARN__DUPLICATE_METHOD_MATCH = YES;
				"CODE_SIGN_IDENTITY[sdk=iphoneos*]" = "iPhone Developer";
				COPY_PHASE_STRIP = NO;
				ENABLE_STRICT_OBJC_MSGSEND = YES;
				GCC_C_LANGUAGE_STANDARD = gnu99;
				GCC_DYNAMIC_NO_PIC = NO;
				GCC_OPTIMIZATION_LEVEL = 0;
				GCC_PREPROCESSOR_DEFINITIONS = (
					"DEBUG=1",
					"$(inherited)",
				);
				GCC_SYMBOLS_PRIVATE_EXTERN = NO;
				GCC_WARN_64_TO_32_BIT_CONVERSION = YES;
				GCC_WARN_ABOUT_RETURN_TYPE = YES_ERROR;
				GCC_WARN_UNDECLARED_SELECTOR = YES;
				GCC_WARN_UNINITIALIZED_AUTOS = YES_AGGRESSIVE;
				GCC_WARN_UNUSED_FUNCTION = YES;
				GCC_WARN_UNUSED_VARIABLE = YES;
				IPHONEOS_DEPLOYMENT_TARGET = 8.0;
				MTL_ENABLE_DEBUG_INFO = YES;
				ONLY_ACTIVE_ARCH = YES;
				SDKROOT = iphoneos;
			};
			name = Debug;
		};
		B11C05261A13E6440005DE1A /* Release */ = {
			isa = XCBuildConfiguration;
			buildSettings = {
				ALWAYS_SEARCH_USER_PATHS = NO;
				CLANG_CXX_LANGUAGE_STANDARD = "gnu++0x";
				CLANG_CXX_LIBRARY = "libc++";
				CLANG_ENABLE_MODULES = YES;
				CLANG_ENABLE_OBJC_ARC = YES;
				CLANG_WARN_BOOL_CONVERSION = YES;
				CLANG_WARN_CONSTANT_CONVERSION = YES;
				CLANG_WARN_DIRECT_OBJC_ISA_USAGE = YES_ERROR;
				CLANG_WARN_EMPTY_BODY = YES;
				CLANG_WARN_ENUM_CONVERSION = YES;
				CLANG_WARN_INT_CONVERSION = YES;
				CLANG_WARN_OBJC_ROOT_CLASS = YES_ERROR;
				CLANG_WARN_UNREACHABLE_CODE = YES;
				CLANG_WARN__DUPLICATE_METHOD_MATCH = YES;
				"CODE_SIGN_IDENTITY[sdk=iphoneos*]" = "iPhone Developer";
				COPY_PHASE_STRIP = YES;
				ENABLE_NS_ASSERTIONS = NO;
				ENABLE_STRICT_OBJC_MSGSEND = YES;
				GCC_C_LANGUAGE_STANDARD = gnu99;
				GCC_WARN_64_TO_32_BIT_CONVERSION = YES;
				GCC_WARN_ABOUT_RETURN_TYPE = YES_ERROR;
				GCC_WARN_UNDECLARED_SELECTOR = YES;
				GCC_WARN_UNINITIALIZED_AUTOS = YES_AGGRESSIVE;
				GCC_WARN_UNUSED_FUNCTION = YES;
				GCC_WARN_UNUSED_VARIABLE = YES;
				IPHONEOS_DEPLOYMENT_TARGET = 8.0;
				MTL_ENABLE_DEBUG_INFO = NO;
				SDKROOT = iphoneos;
				VALIDATE_PRODUCT = YES;
			};
			name = Release;
		};
		B11C05281A13E6440005DE1A /* Debug */ = {
			isa = XCBuildConfiguration;
			buildSettings = {
				ASSETCATALOG_COMPILER_APPICON_NAME = AppIcon;
				INFOPLIST_FILE = ChatCodev2/Info.plist;
				LD_RUNPATH_SEARCH_PATHS = "$(inherited) @executable_path/Frameworks";
				PRODUCT_NAME = "$(TARGET_NAME)";
			};
			name = Debug;
		};
		B11C05291A13E6440005DE1A /* Release */ = {
			isa = XCBuildConfiguration;
			buildSettings = {
				ASSETCATALOG_COMPILER_APPICON_NAME = AppIcon;
				INFOPLIST_FILE = ChatCodev2/Info.plist;
				LD_RUNPATH_SEARCH_PATHS = "$(inherited) @executable_path/Frameworks";
				PRODUCT_NAME = "$(TARGET_NAME)";
			};
			name = Release;
		};
		B11C052B1A13E6440005DE1A /* Debug */ = {
			isa = XCBuildConfiguration;
			buildSettings = {
				BUNDLE_LOADER = "$(TEST_HOST)";
				FRAMEWORK_SEARCH_PATHS = (
					"$(SDKROOT)/Developer/Library/Frameworks",
					"$(inherited)",
				);
				GCC_PREPROCESSOR_DEFINITIONS = (
					"DEBUG=1",
					"$(inherited)",
				);
				INFOPLIST_FILE = ChatCodev2Tests/Info.plist;
				LD_RUNPATH_SEARCH_PATHS = "$(inherited) @executable_path/Frameworks @loader_path/Frameworks";
				PRODUCT_NAME = "$(TARGET_NAME)";
				TEST_HOST = "$(BUILT_PRODUCTS_DIR)/ChatCodev2.app/ChatCodev2";
			};
			name = Debug;
		};
		B11C052C1A13E6440005DE1A /* Release */ = {
			isa = XCBuildConfiguration;
			buildSettings = {
				BUNDLE_LOADER = "$(TEST_HOST)";
				FRAMEWORK_SEARCH_PATHS = (
					"$(SDKROOT)/Developer/Library/Frameworks",
					"$(inherited)",
				);
				INFOPLIST_FILE = ChatCodev2Tests/Info.plist;
				LD_RUNPATH_SEARCH_PATHS = "$(inherited) @executable_path/Frameworks @loader_path/Frameworks";
				PRODUCT_NAME = "$(TARGET_NAME)";
				TEST_HOST = "$(BUILT_PRODUCTS_DIR)/ChatCodev2.app/ChatCodev2";
			};
			name = Release;
		};
/* End XCBuildConfiguration section */

/* Begin XCConfigurationList section */
		B11C04FF1A13E6440005DE1A /* Build configuration list for PBXProject "ChatCodev2" */ = {
			isa = XCConfigurationList;
			buildConfigurations = (
				B11C05251A13E6440005DE1A /* Debug */,
				B11C05261A13E6440005DE1A /* Release */,
			);
			defaultConfigurationIsVisible = 0;
			defaultConfigurationName = Release;
		};
		B11C05271A13E6440005DE1A /* Build configuration list for PBXNativeTarget "ChatCodev2" */ = {
			isa = XCConfigurationList;
			buildConfigurations = (
				B11C05281A13E6440005DE1A /* Debug */,
				B11C05291A13E6440005DE1A /* Release */,
			);
			defaultConfigurationIsVisible = 0;
		};
		B11C052A1A13E6440005DE1A /* Build configuration list for PBXNativeTarget "ChatCodev2Tests" */ = {
			isa = XCConfigurationList;
			buildConfigurations = (
				B11C052B1A13E6440005DE1A /* Debug */,
				B11C052C1A13E6440005DE1A /* Release */,
			);
			defaultConfigurationIsVisible = 0;
		};
/* End XCConfigurationList section */
	};
	rootObject = B11C04FC1A13E6440005DE1A /* Project object */;
}
