// !$*UTF8*$!
{
	archiveVersion = 1;
	classes = {
	};
	objectVersion = 46;
	objects = {

/* Begin PBXBuildFile section */
		8AE702C11A03E93100B971F2 /* main.m in Sources */ = {isa = PBXBuildFile; fileRef = 8AE702C01A03E93100B971F2 /* main.m */; };
		8AE702C41A03E93100B971F2 /* AppDelegate.m in Sources */ = {isa = PBXBuildFile; fileRef = 8AE702C31A03E93100B971F2 /* AppDelegate.m */; };
		8AE702C71A03E93100B971F2 /* ViewController.m in Sources */ = {isa = PBXBuildFile; fileRef = 8AE702C61A03E93100B971F2 /* ViewController.m */; };
		8AE702CA1A03E93100B971F2 /* Main.storyboard in Resources */ = {isa = PBXBuildFile; fileRef = 8AE702C81A03E93100B971F2 /* Main.storyboard */; };
		8AE702CC1A03E93100B971F2 /* Images.xcassets in Resources */ = {isa = PBXBuildFile; fileRef = 8AE702CB1A03E93100B971F2 /* Images.xcassets */; };
		8AE702CF1A03E93100B971F2 /* LaunchScreen.xib in Resources */ = {isa = PBXBuildFile; fileRef = 8AE702CD1A03E93100B971F2 /* LaunchScreen.xib */; };
		8AE702DB1A03E93100B971F2 /* ChatCodeTests.m in Sources */ = {isa = PBXBuildFile; fileRef = 8AE702DA1A03E93100B971F2 /* ChatCodeTests.m */; };
		8AE702E61A03EB7200B971F2 /* Bolts.framework in Frameworks */ = {isa = PBXBuildFile; fileRef = 8AE702E41A03EB7200B971F2 /* Bolts.framework */; };
		8AE702E71A03EB7200B971F2 /* Parse.framework in Frameworks */ = {isa = PBXBuildFile; fileRef = 8AE702E51A03EB7200B971F2 /* Parse.framework */; };
		8AE702EA1A03EC1D00B971F2 /* AudioToolbox.framework in Frameworks */ = {isa = PBXBuildFile; fileRef = 8AE702E91A03EC1D00B971F2 /* AudioToolbox.framework */; };
		8AE702EC1A03EC3200B971F2 /* CFNetwork.framework in Frameworks */ = {isa = PBXBuildFile; fileRef = 8AE702EB1A03EC3200B971F2 /* CFNetwork.framework */; };
		8AE702EE1A03EC3B00B971F2 /* CoreGraphics.framework in Frameworks */ = {isa = PBXBuildFile; fileRef = 8AE702ED1A03EC3B00B971F2 /* CoreGraphics.framework */; };
		8AE702F01A03EC4500B971F2 /* CoreLocation.framework in Frameworks */ = {isa = PBXBuildFile; fileRef = 8AE702EF1A03EC4500B971F2 /* CoreLocation.framework */; };
		8AE702F21A03EC5300B971F2 /* libz.dylib in Frameworks */ = {isa = PBXBuildFile; fileRef = 8AE702F11A03EC5300B971F2 /* libz.dylib */; };
		8AE702F41A03EC5C00B971F2 /* MobileCoreServices.framework in Frameworks */ = {isa = PBXBuildFile; fileRef = 8AE702F31A03EC5C00B971F2 /* MobileCoreServices.framework */; };
		8AE702F61A03EC6300B971F2 /* QuartzCore.framework in Frameworks */ = {isa = PBXBuildFile; fileRef = 8AE702F51A03EC6300B971F2 /* QuartzCore.framework */; };
		8AE702F81A03EC6B00B971F2 /* Security.framework in Frameworks */ = {isa = PBXBuildFile; fileRef = 8AE702F71A03EC6B00B971F2 /* Security.framework */; };
		8AE702FA1A03EC7900B971F2 /* StoreKit.framework in Frameworks */ = {isa = PBXBuildFile; fileRef = 8AE702F91A03EC7900B971F2 /* StoreKit.framework */; };
		8AE702FC1A03EC9B00B971F2 /* SystemConfiguration.framework in Frameworks */ = {isa = PBXBuildFile; fileRef = 8AE702FB1A03EC9B00B971F2 /* SystemConfiguration.framework */; };
		8AF890C01A13FE5200DAD939 /* KJDChatRoomViewController.m in Sources */ = {isa = PBXBuildFile; fileRef = 8AF890BF1A13FE5200DAD939 /* KJDChatRoomViewController.m */; };
		8AF890C51A13FE6700DAD939 /* KJDUser.m in Sources */ = {isa = PBXBuildFile; fileRef = 8AF890C21A13FE6700DAD939 /* KJDUser.m */; };
		8AF890C61A13FE6700DAD939 /* KJDChatRoom.m in Sources */ = {isa = PBXBuildFile; fileRef = 8AF890C41A13FE6700DAD939 /* KJDChatRoom.m */; };
/* End PBXBuildFile section */

/* Begin PBXContainerItemProxy section */
		8AE702D51A03E93100B971F2 /* PBXContainerItemProxy */ = {
			isa = PBXContainerItemProxy;
			containerPortal = 8AE702B31A03E93100B971F2 /* Project object */;
			proxyType = 1;
			remoteGlobalIDString = 8AE702BA1A03E93100B971F2;
			remoteInfo = ChatCode;
		};
/* End PBXContainerItemProxy section */

/* Begin PBXFileReference section */
		8AE702BB1A03E93100B971F2 /* ChatCode.app */ = {isa = PBXFileReference; explicitFileType = wrapper.application; includeInIndex = 0; path = ChatCode.app; sourceTree = BUILT_PRODUCTS_DIR; };
		8AE702BF1A03E93100B971F2 /* Info.plist */ = {isa = PBXFileReference; lastKnownFileType = text.plist.xml; path = Info.plist; sourceTree = "<group>"; };
		8AE702C01A03E93100B971F2 /* main.m */ = {isa = PBXFileReference; lastKnownFileType = sourcecode.c.objc; path = main.m; sourceTree = "<group>"; };
		8AE702C21A03E93100B971F2 /* AppDelegate.h */ = {isa = PBXFileReference; lastKnownFileType = sourcecode.c.h; path = AppDelegate.h; sourceTree = "<group>"; };
		8AE702C31A03E93100B971F2 /* AppDelegate.m */ = {isa = PBXFileReference; lastKnownFileType = sourcecode.c.objc; path = AppDelegate.m; sourceTree = "<group>"; };
		8AE702C51A03E93100B971F2 /* ViewController.h */ = {isa = PBXFileReference; lastKnownFileType = sourcecode.c.h; path = ViewController.h; sourceTree = "<group>"; };
		8AE702C61A03E93100B971F2 /* ViewController.m */ = {isa = PBXFileReference; lastKnownFileType = sourcecode.c.objc; path = ViewController.m; sourceTree = "<group>"; };
		8AE702C91A03E93100B971F2 /* Base */ = {isa = PBXFileReference; lastKnownFileType = file.storyboard; name = Base; path = Base.lproj/Main.storyboard; sourceTree = "<group>"; };
		8AE702CB1A03E93100B971F2 /* Images.xcassets */ = {isa = PBXFileReference; lastKnownFileType = folder.assetcatalog; path = Images.xcassets; sourceTree = "<group>"; };
		8AE702CE1A03E93100B971F2 /* Base */ = {isa = PBXFileReference; lastKnownFileType = file.xib; name = Base; path = Base.lproj/LaunchScreen.xib; sourceTree = "<group>"; };
		8AE702D41A03E93100B971F2 /* ChatCodeTests.xctest */ = {isa = PBXFileReference; explicitFileType = wrapper.cfbundle; includeInIndex = 0; path = ChatCodeTests.xctest; sourceTree = BUILT_PRODUCTS_DIR; };
		8AE702D91A03E93100B971F2 /* Info.plist */ = {isa = PBXFileReference; lastKnownFileType = text.plist.xml; path = Info.plist; sourceTree = "<group>"; };
		8AE702DA1A03E93100B971F2 /* ChatCodeTests.m */ = {isa = PBXFileReference; lastKnownFileType = sourcecode.c.objc; path = ChatCodeTests.m; sourceTree = "<group>"; };
		8AE702E41A03EB7200B971F2 /* Bolts.framework */ = {isa = PBXFileReference; lastKnownFileType = wrapper.framework; path = Bolts.framework; sourceTree = "<group>"; };
		8AE702E51A03EB7200B971F2 /* Parse.framework */ = {isa = PBXFileReference; lastKnownFileType = wrapper.framework; path = Parse.framework; sourceTree = "<group>"; };
		8AE702E91A03EC1D00B971F2 /* AudioToolbox.framework */ = {isa = PBXFileReference; lastKnownFileType = wrapper.framework; name = AudioToolbox.framework; path = System/Library/Frameworks/AudioToolbox.framework; sourceTree = SDKROOT; };
		8AE702EB1A03EC3200B971F2 /* CFNetwork.framework */ = {isa = PBXFileReference; lastKnownFileType = wrapper.framework; name = CFNetwork.framework; path = System/Library/Frameworks/CFNetwork.framework; sourceTree = SDKROOT; };
		8AE702ED1A03EC3B00B971F2 /* CoreGraphics.framework */ = {isa = PBXFileReference; lastKnownFileType = wrapper.framework; name = CoreGraphics.framework; path = System/Library/Frameworks/CoreGraphics.framework; sourceTree = SDKROOT; };
		8AE702EF1A03EC4500B971F2 /* CoreLocation.framework */ = {isa = PBXFileReference; lastKnownFileType = wrapper.framework; name = CoreLocation.framework; path = System/Library/Frameworks/CoreLocation.framework; sourceTree = SDKROOT; };
		8AE702F11A03EC5300B971F2 /* libz.dylib */ = {isa = PBXFileReference; lastKnownFileType = "compiled.mach-o.dylib"; name = libz.dylib; path = usr/lib/libz.dylib; sourceTree = SDKROOT; };
		8AE702F31A03EC5C00B971F2 /* MobileCoreServices.framework */ = {isa = PBXFileReference; lastKnownFileType = wrapper.framework; name = MobileCoreServices.framework; path = System/Library/Frameworks/MobileCoreServices.framework; sourceTree = SDKROOT; };
		8AE702F51A03EC6300B971F2 /* QuartzCore.framework */ = {isa = PBXFileReference; lastKnownFileType = wrapper.framework; name = QuartzCore.framework; path = System/Library/Frameworks/QuartzCore.framework; sourceTree = SDKROOT; };
		8AE702F71A03EC6B00B971F2 /* Security.framework */ = {isa = PBXFileReference; lastKnownFileType = wrapper.framework; name = Security.framework; path = System/Library/Frameworks/Security.framework; sourceTree = SDKROOT; };
		8AE702F91A03EC7900B971F2 /* StoreKit.framework */ = {isa = PBXFileReference; lastKnownFileType = wrapper.framework; name = StoreKit.framework; path = System/Library/Frameworks/StoreKit.framework; sourceTree = SDKROOT; };
		8AE702FB1A03EC9B00B971F2 /* SystemConfiguration.framework */ = {isa = PBXFileReference; lastKnownFileType = wrapper.framework; name = SystemConfiguration.framework; path = System/Library/Frameworks/SystemConfiguration.framework; sourceTree = SDKROOT; };
		8AF890BE1A13FE5200DAD939 /* KJDChatRoomViewController.h */ = {isa = PBXFileReference; fileEncoding = 4; lastKnownFileType = sourcecode.c.h; path = KJDChatRoomViewController.h; sourceTree = "<group>"; };
		8AF890BF1A13FE5200DAD939 /* KJDChatRoomViewController.m */ = {isa = PBXFileReference; fileEncoding = 4; lastKnownFileType = sourcecode.c.objc; path = KJDChatRoomViewController.m; sourceTree = "<group>"; };
		8AF890C11A13FE6700DAD939 /* KJDUser.h */ = {isa = PBXFileReference; fileEncoding = 4; lastKnownFileType = sourcecode.c.h; path = KJDUser.h; sourceTree = "<group>"; };
		8AF890C21A13FE6700DAD939 /* KJDUser.m */ = {isa = PBXFileReference; fileEncoding = 4; lastKnownFileType = sourcecode.c.objc; path = KJDUser.m; sourceTree = "<group>"; };
		8AF890C31A13FE6700DAD939 /* KJDChatRoom.h */ = {isa = PBXFileReference; fileEncoding = 4; lastKnownFileType = sourcecode.c.h; path = KJDChatRoom.h; sourceTree = "<group>"; };
		8AF890C41A13FE6700DAD939 /* KJDChatRoom.m */ = {isa = PBXFileReference; fileEncoding = 4; lastKnownFileType = sourcecode.c.objc; path = KJDChatRoom.m; sourceTree = "<group>"; };
/* End PBXFileReference section */

/* Begin PBXFrameworksBuildPhase section */
		8AE702B81A03E93100B971F2 /* Frameworks */ = {
			isa = PBXFrameworksBuildPhase;
			buildActionMask = 2147483647;
			files = (
				8AE702FC1A03EC9B00B971F2 /* SystemConfiguration.framework in Frameworks */,
				8AE702FA1A03EC7900B971F2 /* StoreKit.framework in Frameworks */,
				8AE702F81A03EC6B00B971F2 /* Security.framework in Frameworks */,
				8AE702F61A03EC6300B971F2 /* QuartzCore.framework in Frameworks */,
				8AE702F41A03EC5C00B971F2 /* MobileCoreServices.framework in Frameworks */,
				8AE702F21A03EC5300B971F2 /* libz.dylib in Frameworks */,
				8AE702F01A03EC4500B971F2 /* CoreLocation.framework in Frameworks */,
				8AE702EE1A03EC3B00B971F2 /* CoreGraphics.framework in Frameworks */,
				8AE702EC1A03EC3200B971F2 /* CFNetwork.framework in Frameworks */,
				8AE702EA1A03EC1D00B971F2 /* AudioToolbox.framework in Frameworks */,
				8AE702E71A03EB7200B971F2 /* Parse.framework in Frameworks */,
				8AE702E61A03EB7200B971F2 /* Bolts.framework in Frameworks */,
			);
			runOnlyForDeploymentPostprocessing = 0;
		};
		8AE702D11A03E93100B971F2 /* Frameworks */ = {
			isa = PBXFrameworksBuildPhase;
			buildActionMask = 2147483647;
			files = (
			);
			runOnlyForDeploymentPostprocessing = 0;
		};
/* End PBXFrameworksBuildPhase section */

/* Begin PBXGroup section */
		8AE702B21A03E93100B971F2 = {
			isa = PBXGroup;
			children = (
				8AE702BD1A03E93100B971F2 /* ChatCode */,
				8AE702D71A03E93100B971F2 /* ChatCodeTests */,
				8AE702BC1A03E93100B971F2 /* Products */,
				8AE702E81A03EB8C00B971F2 /* Frameworks */,
			);
			sourceTree = "<group>";
		};
		8AE702BC1A03E93100B971F2 /* Products */ = {
			isa = PBXGroup;
			children = (
				8AE702BB1A03E93100B971F2 /* ChatCode.app */,
				8AE702D41A03E93100B971F2 /* ChatCodeTests.xctest */,
			);
			name = Products;
			sourceTree = "<group>";
		};
		8AE702BD1A03E93100B971F2 /* ChatCode */ = {
			isa = PBXGroup;
			children = (
				8AF890C81A13FEA100DAD939 /* View Controller */,
				8AF890C71A13FE7700DAD939 /* Model */,
				8AE702C21A03E93100B971F2 /* AppDelegate.h */,
				8AE702C31A03E93100B971F2 /* AppDelegate.m */,
				8AE702C51A03E93100B971F2 /* ViewController.h */,
				8AE702C61A03E93100B971F2 /* ViewController.m */,
				8AE702C81A03E93100B971F2 /* Main.storyboard */,
				8AE702CB1A03E93100B971F2 /* Images.xcassets */,
				8AE702CD1A03E93100B971F2 /* LaunchScreen.xib */,
				8AE702BE1A03E93100B971F2 /* Supporting Files */,
			);
			path = ChatCode;
			sourceTree = "<group>";
		};
		8AE702BE1A03E93100B971F2 /* Supporting Files */ = {
			isa = PBXGroup;
			children = (
				8AE702BF1A03E93100B971F2 /* Info.plist */,
				8AE702C01A03E93100B971F2 /* main.m */,
			);
			name = "Supporting Files";
			sourceTree = "<group>";
		};
		8AE702D71A03E93100B971F2 /* ChatCodeTests */ = {
			isa = PBXGroup;
			children = (
				8AE702DA1A03E93100B971F2 /* ChatCodeTests.m */,
				8AE702D81A03E93100B971F2 /* Supporting Files */,
			);
			path = ChatCodeTests;
			sourceTree = "<group>";
		};
		8AE702D81A03E93100B971F2 /* Supporting Files */ = {
			isa = PBXGroup;
			children = (
				8AE702D91A03E93100B971F2 /* Info.plist */,
			);
			name = "Supporting Files";
			sourceTree = "<group>";
		};
		8AE702E81A03EB8C00B971F2 /* Frameworks */ = {
			isa = PBXGroup;
			children = (
				8AE702FB1A03EC9B00B971F2 /* SystemConfiguration.framework */,
				8AE702F91A03EC7900B971F2 /* StoreKit.framework */,
				8AE702F71A03EC6B00B971F2 /* Security.framework */,
				8AE702F51A03EC6300B971F2 /* QuartzCore.framework */,
				8AE702F31A03EC5C00B971F2 /* MobileCoreServices.framework */,
				8AE702F11A03EC5300B971F2 /* libz.dylib */,
				8AE702EF1A03EC4500B971F2 /* CoreLocation.framework */,
				8AE702ED1A03EC3B00B971F2 /* CoreGraphics.framework */,
				8AE702EB1A03EC3200B971F2 /* CFNetwork.framework */,
				8AE702E91A03EC1D00B971F2 /* AudioToolbox.framework */,
				8AE702E41A03EB7200B971F2 /* Bolts.framework */,
				8AE702E51A03EB7200B971F2 /* Parse.framework */,
			);
			name = Frameworks;
			path = ChatCode;
			sourceTree = "<group>";
		};
		8AF890C71A13FE7700DAD939 /* Model */ = {
			isa = PBXGroup;
			children = (
				8AF890C11A13FE6700DAD939 /* KJDUser.h */,
				8AF890C21A13FE6700DAD939 /* KJDUser.m */,
				8AF890C31A13FE6700DAD939 /* KJDChatRoom.h */,
				8AF890C41A13FE6700DAD939 /* KJDChatRoom.m */,
			);
			name = Model;
			sourceTree = "<group>";
		};
		8AF890C81A13FEA100DAD939 /* View Controller */ = {
			isa = PBXGroup;
			children = (
				8AF890BE1A13FE5200DAD939 /* KJDChatRoomViewController.h */,
				8AF890BF1A13FE5200DAD939 /* KJDChatRoomViewController.m */,
			);
			name = "View Controller";
			sourceTree = "<group>";
		};
/* End PBXGroup section */

/* Begin PBXNativeTarget section */
		8AE702BA1A03E93100B971F2 /* ChatCode */ = {
			isa = PBXNativeTarget;
			buildConfigurationList = 8AE702DE1A03E93100B971F2 /* Build configuration list for PBXNativeTarget "ChatCode" */;
			buildPhases = (
				8AE702B71A03E93100B971F2 /* Sources */,
				8AE702B81A03E93100B971F2 /* Frameworks */,
				8AE702B91A03E93100B971F2 /* Resources */,
			);
			buildRules = (
			);
			dependencies = (
			);
			name = ChatCode;
			productName = ChatCode;
			productReference = 8AE702BB1A03E93100B971F2 /* ChatCode.app */;
			productType = "com.apple.product-type.application";
		};
		8AE702D31A03E93100B971F2 /* ChatCodeTests */ = {
			isa = PBXNativeTarget;
			buildConfigurationList = 8AE702E11A03E93100B971F2 /* Build configuration list for PBXNativeTarget "ChatCodeTests" */;
			buildPhases = (
				8AE702D01A03E93100B971F2 /* Sources */,
				8AE702D11A03E93100B971F2 /* Frameworks */,
				8AE702D21A03E93100B971F2 /* Resources */,
			);
			buildRules = (
			);
			dependencies = (
				8AE702D61A03E93100B971F2 /* PBXTargetDependency */,
			);
			name = ChatCodeTests;
			productName = ChatCodeTests;
			productReference = 8AE702D41A03E93100B971F2 /* ChatCodeTests.xctest */;
			productType = "com.apple.product-type.bundle.unit-test";
		};
/* End PBXNativeTarget section */

/* Begin PBXProject section */
		8AE702B31A03E93100B971F2 /* Project object */ = {
			isa = PBXProject;
			attributes = {
				LastUpgradeCheck = 0600;
				ORGANIZATIONNAME = Karim;
				TargetAttributes = {
					8AE702BA1A03E93100B971F2 = {
						CreatedOnToolsVersion = 6.0.1;
					};
					8AE702D31A03E93100B971F2 = {
						CreatedOnToolsVersion = 6.0.1;
						DevelopmentTeam = VGWMY5RTZB;
						TestTargetID = 8AE702BA1A03E93100B971F2;
					};
				};
			};
			buildConfigurationList = 8AE702B61A03E93100B971F2 /* Build configuration list for PBXProject "ChatCode" */;
			compatibilityVersion = "Xcode 3.2";
			developmentRegion = English;
			hasScannedForEncodings = 0;
			knownRegions = (
				en,
				Base,
			);
			mainGroup = 8AE702B21A03E93100B971F2;
			productRefGroup = 8AE702BC1A03E93100B971F2 /* Products */;
			projectDirPath = "";
			projectRoot = "";
			targets = (
				8AE702BA1A03E93100B971F2 /* ChatCode */,
				8AE702D31A03E93100B971F2 /* ChatCodeTests */,
			);
		};
/* End PBXProject section */

/* Begin PBXResourcesBuildPhase section */
		8AE702B91A03E93100B971F2 /* Resources */ = {
			isa = PBXResourcesBuildPhase;
			buildActionMask = 2147483647;
			files = (
				8AE702CA1A03E93100B971F2 /* Main.storyboard in Resources */,
				8AE702CF1A03E93100B971F2 /* LaunchScreen.xib in Resources */,
				8AE702CC1A03E93100B971F2 /* Images.xcassets in Resources */,
			);
			runOnlyForDeploymentPostprocessing = 0;
		};
		8AE702D21A03E93100B971F2 /* Resources */ = {
			isa = PBXResourcesBuildPhase;
			buildActionMask = 2147483647;
			files = (
			);
			runOnlyForDeploymentPostprocessing = 0;
		};
/* End PBXResourcesBuildPhase section */

/* Begin PBXSourcesBuildPhase section */
		8AE702B71A03E93100B971F2 /* Sources */ = {
			isa = PBXSourcesBuildPhase;
			buildActionMask = 2147483647;
			files = (
				8AE702C71A03E93100B971F2 /* ViewController.m in Sources */,
				8AF890C51A13FE6700DAD939 /* KJDUser.m in Sources */,
				8AE702C41A03E93100B971F2 /* AppDelegate.m in Sources */,
				8AE702C11A03E93100B971F2 /* main.m in Sources */,
				8AF890C61A13FE6700DAD939 /* KJDChatRoom.m in Sources */,
				8AF890C01A13FE5200DAD939 /* KJDChatRoomViewController.m in Sources */,
			);
			runOnlyForDeploymentPostprocessing = 0;
		};
		8AE702D01A03E93100B971F2 /* Sources */ = {
			isa = PBXSourcesBuildPhase;
			buildActionMask = 2147483647;
			files = (
				8AE702DB1A03E93100B971F2 /* ChatCodeTests.m in Sources */,
			);
			runOnlyForDeploymentPostprocessing = 0;
		};
/* End PBXSourcesBuildPhase section */

/* Begin PBXTargetDependency section */
		8AE702D61A03E93100B971F2 /* PBXTargetDependency */ = {
			isa = PBXTargetDependency;
			target = 8AE702BA1A03E93100B971F2 /* ChatCode */;
			targetProxy = 8AE702D51A03E93100B971F2 /* PBXContainerItemProxy */;
		};
/* End PBXTargetDependency section */

/* Begin PBXVariantGroup section */
		8AE702C81A03E93100B971F2 /* Main.storyboard */ = {
			isa = PBXVariantGroup;
			children = (
				8AE702C91A03E93100B971F2 /* Base */,
			);
			name = Main.storyboard;
			sourceTree = "<group>";
		};
		8AE702CD1A03E93100B971F2 /* LaunchScreen.xib */ = {
			isa = PBXVariantGroup;
			children = (
				8AE702CE1A03E93100B971F2 /* Base */,
			);
			name = LaunchScreen.xib;
			sourceTree = "<group>";
		};
/* End PBXVariantGroup section */

/* Begin XCBuildConfiguration section */
		8AE702DC1A03E93100B971F2 /* Debug */ = {
			isa = XCBuildConfiguration;
			buildSettings = {
				ALWAYS_SEARCH_USER_PATHS = NO;
				CLANG_CXX_LANGUAGE_STANDARD = "gnu++0x";
				CLANG_CXX_LIBRARY = "libc++";
				CLANG_ENABLE_MODULES = YES;
				CLANG_ENABLE_OBJC_ARC = YES;
				CLANG_WARN_BOOL_CONVERSION = YES;
				CLANG_WARN_CONSTANT_CONVERSION = YES;
				CLANG_WARN_DIRECT_OBJC_ISA_USAGE = YES_ERROR;
				CLANG_WARN_EMPTY_BODY = YES;
				CLANG_WARN_ENUM_CONVERSION = YES;
				CLANG_WARN_INT_CONVERSION = YES;
				CLANG_WARN_OBJC_ROOT_CLASS = YES_ERROR;
				CLANG_WARN_UNREACHABLE_CODE = YES;
				CLANG_WARN__DUPLICATE_METHOD_MATCH = YES;
				CODE_SIGN_IDENTITY = chatCodeForReal;
				"CODE_SIGN_IDENTITY[sdk=iphoneos*]" = chatCodeForReal;
				COPY_PHASE_STRIP = NO;
				ENABLE_STRICT_OBJC_MSGSEND = YES;
				GCC_C_LANGUAGE_STANDARD = gnu99;
				GCC_DYNAMIC_NO_PIC = NO;
				GCC_OPTIMIZATION_LEVEL = 0;
				GCC_PREPROCESSOR_DEFINITIONS = (
					"DEBUG=1",
					"$(inherited)",
				);
				GCC_SYMBOLS_PRIVATE_EXTERN = NO;
				GCC_WARN_64_TO_32_BIT_CONVERSION = YES;
				GCC_WARN_ABOUT_RETURN_TYPE = YES_ERROR;
				GCC_WARN_UNDECLARED_SELECTOR = YES;
				GCC_WARN_UNINITIALIZED_AUTOS = YES_AGGRESSIVE;
				GCC_WARN_UNUSED_FUNCTION = YES;
				GCC_WARN_UNUSED_VARIABLE = YES;
				IPHONEOS_DEPLOYMENT_TARGET = 7.0;
				MTL_ENABLE_DEBUG_INFO = YES;
				ONLY_ACTIVE_ARCH = YES;
				PROVISIONING_PROFILE = "96edafaf-80c6-4099-87fa-e63d599f9d63";
				SDKROOT = iphoneos;
				TARGETED_DEVICE_FAMILY = "1,2";
			};
			name = Debug;
		};
		8AE702DD1A03E93100B971F2 /* Release */ = {
			isa = XCBuildConfiguration;
			buildSettings = {
				ALWAYS_SEARCH_USER_PATHS = NO;
				CLANG_CXX_LANGUAGE_STANDARD = "gnu++0x";
				CLANG_CXX_LIBRARY = "libc++";
				CLANG_ENABLE_MODULES = YES;
				CLANG_ENABLE_OBJC_ARC = YES;
				CLANG_WARN_BOOL_CONVERSION = YES;
				CLANG_WARN_CONSTANT_CONVERSION = YES;
				CLANG_WARN_DIRECT_OBJC_ISA_USAGE = YES_ERROR;
				CLANG_WARN_EMPTY_BODY = YES;
				CLANG_WARN_ENUM_CONVERSION = YES;
				CLANG_WARN_INT_CONVERSION = YES;
				CLANG_WARN_OBJC_ROOT_CLASS = YES_ERROR;
				CLANG_WARN_UNREACHABLE_CODE = YES;
				CLANG_WARN__DUPLICATE_METHOD_MATCH = YES;
				CODE_SIGN_IDENTITY = chatCodeForReal;
				"CODE_SIGN_IDENTITY[sdk=iphoneos*]" = chatCodeForReal;
				COPY_PHASE_STRIP = YES;
				ENABLE_NS_ASSERTIONS = NO;
				ENABLE_STRICT_OBJC_MSGSEND = YES;
				GCC_C_LANGUAGE_STANDARD = gnu99;
				GCC_WARN_64_TO_32_BIT_CONVERSION = YES;
				GCC_WARN_ABOUT_RETURN_TYPE = YES_ERROR;
				GCC_WARN_UNDECLARED_SELECTOR = YES;
				GCC_WARN_UNINITIALIZED_AUTOS = YES_AGGRESSIVE;
				GCC_WARN_UNUSED_FUNCTION = YES;
				GCC_WARN_UNUSED_VARIABLE = YES;
				IPHONEOS_DEPLOYMENT_TARGET = 7.0;
				MTL_ENABLE_DEBUG_INFO = NO;
				PROVISIONING_PROFILE = "96edafaf-80c6-4099-87fa-e63d599f9d63";
				SDKROOT = iphoneos;
				TARGETED_DEVICE_FAMILY = "1,2";
				VALIDATE_PRODUCT = YES;
			};
			name = Release;
		};
		8AE702DF1A03E93100B971F2 /* Debug */ = {
			isa = XCBuildConfiguration;
			buildSettings = {
				ASSETCATALOG_COMPILER_APPICON_NAME = AppIcon;
				FRAMEWORK_SEARCH_PATHS = (
					"$(inherited)",
					"$(PROJECT_DIR)/ChatCode",
				);
				INFOPLIST_FILE = ChatCode/Info.plist;
				LD_RUNPATH_SEARCH_PATHS = "$(inherited) @executable_path/Frameworks";
				PRODUCT_NAME = "$(TARGET_NAME)";
				PROVISIONING_PROFILE = "96edafaf-80c6-4099-87fa-e63d599f9d63";
			};
			name = Debug;
		};
		8AE702E01A03E93100B971F2 /* Release */ = {
			isa = XCBuildConfiguration;
			buildSettings = {
				ASSETCATALOG_COMPILER_APPICON_NAME = AppIcon;
				FRAMEWORK_SEARCH_PATHS = (
					"$(inherited)",
					"$(PROJECT_DIR)/ChatCode",
				);
				INFOPLIST_FILE = ChatCode/Info.plist;
				LD_RUNPATH_SEARCH_PATHS = "$(inherited) @executable_path/Frameworks";
				PRODUCT_NAME = "$(TARGET_NAME)";
				PROVISIONING_PROFILE = "96edafaf-80c6-4099-87fa-e63d599f9d63";
			};
			name = Release;
		};
		8AE702E21A03E93100B971F2 /* Debug */ = {
			isa = XCBuildConfiguration;
			buildSettings = {
				BUNDLE_LOADER = "$(TEST_HOST)";
				CODE_SIGN_IDENTITY = "iPhone Developer";
				"CODE_SIGN_IDENTITY[sdk=iphoneos*]" = "iPhone Developer";
				FRAMEWORK_SEARCH_PATHS = (
					"$(SDKROOT)/Developer/Library/Frameworks",
					"$(inherited)",
				);
				GCC_PREPROCESSOR_DEFINITIONS = (
					"DEBUG=1",
					"$(inherited)",
				);
				INFOPLIST_FILE = ChatCodeTests/Info.plist;
				LD_RUNPATH_SEARCH_PATHS = "$(inherited) @executable_path/Frameworks @loader_path/Frameworks";
				PRODUCT_NAME = "$(TARGET_NAME)";
				PROVISIONING_PROFILE = "";
				TEST_HOST = "$(BUILT_PRODUCTS_DIR)/ChatCode.app/ChatCode";
			};
			name = Debug;
		};
		8AE702E31A03E93100B971F2 /* Release */ = {
			isa = XCBuildConfiguration;
			buildSettings = {
				BUNDLE_LOADER = "$(TEST_HOST)";
				CODE_SIGN_IDENTITY = "iPhone Developer";
				"CODE_SIGN_IDENTITY[sdk=iphoneos*]" = "iPhone Developer";
				FRAMEWORK_SEARCH_PATHS = (
					"$(SDKROOT)/Developer/Library/Frameworks",
					"$(inherited)",
				);
				INFOPLIST_FILE = ChatCodeTests/Info.plist;
				LD_RUNPATH_SEARCH_PATHS = "$(inherited) @executable_path/Frameworks @loader_path/Frameworks";
				PRODUCT_NAME = "$(TARGET_NAME)";
				PROVISIONING_PROFILE = "";
				TEST_HOST = "$(BUILT_PRODUCTS_DIR)/ChatCode.app/ChatCode";
			};
			name = Release;
		};
/* End XCBuildConfiguration section */

/* Begin XCConfigurationList section */
		8AE702B61A03E93100B971F2 /* Build configuration list for PBXProject "ChatCode" */ = {
			isa = XCConfigurationList;
			buildConfigurations = (
				8AE702DC1A03E93100B971F2 /* Debug */,
				8AE702DD1A03E93100B971F2 /* Release */,
			);
			defaultConfigurationIsVisible = 0;
			defaultConfigurationName = Release;
		};
		8AE702DE1A03E93100B971F2 /* Build configuration list for PBXNativeTarget "ChatCode" */ = {
			isa = XCConfigurationList;
			buildConfigurations = (
				8AE702DF1A03E93100B971F2 /* Debug */,
				8AE702E01A03E93100B971F2 /* Release */,
			);
			defaultConfigurationIsVisible = 0;
			defaultConfigurationName = Release;
		};
		8AE702E11A03E93100B971F2 /* Build configuration list for PBXNativeTarget "ChatCodeTests" */ = {
			isa = XCConfigurationList;
			buildConfigurations = (
				8AE702E21A03E93100B971F2 /* Debug */,
				8AE702E31A03E93100B971F2 /* Release */,
			);
			defaultConfigurationIsVisible = 0;
			defaultConfigurationName = Release;
		};
/* End XCConfigurationList section */
	};
	rootObject = 8AE702B31A03E93100B971F2 /* Project object */;
}
